
Microsoft Visual Studio Solution File, Format Version 12.00
# Visual Studio Version 16
VisualStudioVersion = 16.0.30011.22
MinimumVisualStudioVersion = 10.0.40219.1
Project("{FAE04EC0-301F-11D3-BF4B-00C04F79EFBC}") = "Assistant", "Assistant\Assistant.csproj", "{4689B4A2-D937-4678-BFAA-C0C1E665B93A}"
EndProject
Project("{FAE04EC0-301F-11D3-BF4B-00C04F79EFBC}") = "UILib", "UILib\UILib.csproj", "{06824BB6-7CEF-4FA4-AF5D-2C73485FED27}"
EndProject
Global
	GlobalSection(SolutionConfigurationPlatforms) = preSolution
		Debug|Any CPU = Debug|Any CPU
		Release|Any CPU = Release|Any CPU
	EndGlobalSection
	GlobalSection(ProjectConfigurationPlatforms) = postSolution
		{4689B4A2-D937-4678-BFAA-C0C1E665B93A}.Debug|Any CPU.ActiveCfg = Debug|Any CPU
		{4689B4A2-D937-4678-BFAA-C0C1E665B93A}.Debug|Any CPU.Build.0 = Debug|Any CPU
		{4689B4A2-D937-4678-BFAA-C0C1E665B93A}.Release|Any CPU.ActiveCfg = Release|Any CPU
		{4689B4A2-D937-4678-BFAA-C0C1E665B93A}.Release|Any CPU.Build.0 = Release|Any CPU
		{06824BB6-7CEF-4FA4-AF5D-2C73485FED27}.Debug|Any CPU.ActiveCfg = Debug|Any CPU
		{06824BB6-7CEF-4FA4-AF5D-2C73485FED27}.Debug|Any CPU.Build.0 = Debug|Any CPU
		{06824BB6-7CEF-4FA4-AF5D-2C73485FED27}.Release|Any CPU.ActiveCfg = Release|Any CPU
		{06824BB6-7CEF-4FA4-AF5D-2C73485FED27}.Release|Any CPU.Build.0 = Release|Any CPU
	EndGlobalSection
	GlobalSection(SolutionProperties) = preSolution
		HideSolutionNode = FALSE
	EndGlobalSection
	GlobalSection(ExtensibilityGlobals) = postSolution
		SolutionGuid = {B1AA436B-963A-4036-8385-420700A82206}
	EndGlobalSection
EndGlobal
